
Microsoft Visual Studio Solution File, Format Version 12.00
# Visual Studio Version 16
VisualStudioVersion = 16.0.810.21
MinimumVisualStudioVersion = 10.0.40219.1
Project("{FAE04EC0-301F-11D3-BF4B-00C04F79EFBC}") = "ToDo", "ToDo.csproj", "{4FD116DB-BB42-485B-A989-F87C888329D2}"
EndProject
Global
	GlobalSection(SolutionConfigurationPlatforms) = preSolution
		Debug|Any CPU = Debug|Any CPU
		Release|Any CPU = Release|Any CPU
	EndGlobalSection
	GlobalSection(ProjectConfigurationPlatforms) = postSolution
		{4FD116DB-BB42-485B-A989-F87C888329D2}.Debug|Any CPU.ActiveCfg = Debug|Any CPU
		{4FD116DB-BB42-485B-A989-F87C888329D2}.Debug|Any CPU.Build.0 = Debug|Any CPU
		{4FD116DB-BB42-485B-A989-F87C888329D2}.Release|Any CPU.ActiveCfg = Release|Any CPU
		{4FD116DB-BB42-485B-A989-F87C888329D2}.Release|Any CPU.Build.0 = Release|Any CPU
	EndGlobalSection
	GlobalSection(SolutionProperties) = preSolution
		HideSolutionNode = FALSE
	EndGlobalSection
	GlobalSection(ExtensibilityGlobals) = postSolution
		SolutionGuid = {2E6B7B8F-C145-4503-8941-6B1ECF7F0062}
	EndGlobalSection
EndGlobal
